
Microsoft Visual Studio Solution File, Format Version 11.00
# Visual Studio 2010
Project("{FAE04EC0-301F-11D3-BF4B-00C04F79EFBC}") = "LWC-TDSM", "LWC-TDSM\LWC-TDSM.csproj", "{A954F7BC-0D68-4F10-9A31-908405A81D0A}"
EndProject
Global
	GlobalSection(SolutionConfigurationPlatforms) = preSolution
		Debug|Any CPU = Debug|Any CPU
		Debug|Mixed Platforms = Debug|Mixed Platforms
		Debug|x64 = Debug|x64
		Debug|x86 = Debug|x86
		Just Server|Any CPU = Just Server|Any CPU
		Just Server|Mixed Platforms = Just Server|Mixed Platforms
		Just Server|x64 = Just Server|x64
		Just Server|x86 = Just Server|x86
		Release|Any CPU = Release|Any CPU
		Release|Mixed Platforms = Release|Mixed Platforms
		Release|x64 = Release|x64
		Release|x86 = Release|x86
	EndGlobalSection
	GlobalSection(ProjectConfigurationPlatforms) = postSolution
		{A954F7BC-0D68-4F10-9A31-908405A81D0A}.Debug|Any CPU.ActiveCfg = Debug|Any CPU
		{A954F7BC-0D68-4F10-9A31-908405A81D0A}.Debug|Any CPU.Build.0 = Debug|Any CPU
		{A954F7BC-0D68-4F10-9A31-908405A81D0A}.Debug|Mixed Platforms.ActiveCfg = Debug|Any CPU
		{A954F7BC-0D68-4F10-9A31-908405A81D0A}.Debug|Mixed Platforms.Build.0 = Debug|Any CPU
		{A954F7BC-0D68-4F10-9A31-908405A81D0A}.Debug|x64.ActiveCfg = Debug|Any CPU
		{A954F7BC-0D68-4F10-9A31-908405A81D0A}.Debug|x86.ActiveCfg = Debug|Any CPU
		{A954F7BC-0D68-4F10-9A31-908405A81D0A}.Just Server|Any CPU.ActiveCfg = Release|Any CPU
		{A954F7BC-0D68-4F10-9A31-908405A81D0A}.Just Server|Any CPU.Build.0 = Release|Any CPU
		{A954F7BC-0D68-4F10-9A31-908405A81D0A}.Just Server|Mixed Platforms.ActiveCfg = Release|Any CPU
		{A954F7BC-0D68-4F10-9A31-908405A81D0A}.Just Server|Mixed Platforms.Build.0 = Release|Any CPU
		{A954F7BC-0D68-4F10-9A31-908405A81D0A}.Just Server|x64.ActiveCfg = Release|Any CPU
		{A954F7BC-0D68-4F10-9A31-908405A81D0A}.Just Server|x86.ActiveCfg = Release|Any CPU
		{A954F7BC-0D68-4F10-9A31-908405A81D0A}.Release|Any CPU.ActiveCfg = Release|Any CPU
		{A954F7BC-0D68-4F10-9A31-908405A81D0A}.Release|Any CPU.Build.0 = Release|Any CPU
		{A954F7BC-0D68-4F10-9A31-908405A81D0A}.Release|Mixed Platforms.ActiveCfg = Release|Any CPU
		{A954F7BC-0D68-4F10-9A31-908405A81D0A}.Release|Mixed Platforms.Build.0 = Release|Any CPU
		{A954F7BC-0D68-4F10-9A31-908405A81D0A}.Release|x64.ActiveCfg = Release|Any CPU
		{A954F7BC-0D68-4F10-9A31-908405A81D0A}.Release|x86.ActiveCfg = Release|Any CPU
		{6B42E70C-75CD-410B-9D4A-3EA75B6F5176}.Debug|Any CPU.ActiveCfg = Debug|x64
		{6B42E70C-75CD-410B-9D4A-3EA75B6F5176}.Debug|Mixed Platforms.ActiveCfg = Debug|x64
		{6B42E70C-75CD-410B-9D4A-3EA75B6F5176}.Debug|Mixed Platforms.Build.0 = Debug|x64
		{6B42E70C-75CD-410B-9D4A-3EA75B6F5176}.Debug|x64.ActiveCfg = Debug|x64
		{6B42E70C-75CD-410B-9D4A-3EA75B6F5176}.Debug|x64.Build.0 = Debug|x64
		{6B42E70C-75CD-410B-9D4A-3EA75B6F5176}.Debug|x86.ActiveCfg = Debug|x86
		{6B42E70C-75CD-410B-9D4A-3EA75B6F5176}.Debug|x86.Build.0 = Debug|x86
		{6B42E70C-75CD-410B-9D4A-3EA75B6F5176}.Just Server|Any CPU.ActiveCfg = Just Server|x64
		{6B42E70C-75CD-410B-9D4A-3EA75B6F5176}.Just Server|Mixed Platforms.ActiveCfg = Just Server|x64
		{6B42E70C-75CD-410B-9D4A-3EA75B6F5176}.Just Server|Mixed Platforms.Build.0 = Just Server|x64
		{6B42E70C-75CD-410B-9D4A-3EA75B6F5176}.Just Server|x64.ActiveCfg = Just Server|x64
		{6B42E70C-75CD-410B-9D4A-3EA75B6F5176}.Just Server|x64.Build.0 = Just Server|x64
		{6B42E70C-75CD-410B-9D4A-3EA75B6F5176}.Just Server|x86.ActiveCfg = Just Server|x86
		{6B42E70C-75CD-410B-9D4A-3EA75B6F5176}.Just Server|x86.Build.0 = Just Server|x86
		{6B42E70C-75CD-410B-9D4A-3EA75B6F5176}.Release|Any CPU.ActiveCfg = Release|x64
		{6B42E70C-75CD-410B-9D4A-3EA75B6F5176}.Release|Mixed Platforms.ActiveCfg = Release|x64
		{6B42E70C-75CD-410B-9D4A-3EA75B6F5176}.Release|Mixed Platforms.Build.0 = Release|x64
		{6B42E70C-75CD-410B-9D4A-3EA75B6F5176}.Release|x64.ActiveCfg = Release|x64
		{6B42E70C-75CD-410B-9D4A-3EA75B6F5176}.Release|x64.Build.0 = Release|x64
		{6B42E70C-75CD-410B-9D4A-3EA75B6F5176}.Release|x86.ActiveCfg = Release|x86
		{6B42E70C-75CD-410B-9D4A-3EA75B6F5176}.Release|x86.Build.0 = Release|x86
	EndGlobalSection
	GlobalSection(SolutionProperties) = preSolution
		HideSolutionNode = FALSE
	EndGlobalSection
EndGlobal
